// !$*UTF8*$!
{
	archiveVersion = 1;
	classes = {
	};
	objectVersion = 56;
	objects = {

/* Begin PBXBuildFile section */
		7CE8BB2B6E6FD1489B56B31C /* Pods_ScannerApp.framework in Frameworks */ = {isa = PBXBuildFile; fileRef = 3991497E6BA797BF776A490D /* Pods_ScannerApp.framework */; };
		DF0AA6DB2C8F286C00E82F3A /* Coordinator.swift in Sources */ = {isa = PBXBuildFile; fileRef = DF0AA6DA2C8F286C00E82F3A /* Coordinator.swift */; };
		DF0AA6E02C8F292F00E82F3A /* CameraPreview.swift in Sources */ = {isa = PBXBuildFile; fileRef = DF0AA6DD2C8F292F00E82F3A /* CameraPreview.swift */; };
		DF0AA6E12C8F292F00E82F3A /* CameraManager.swift in Sources */ = {isa = PBXBuildFile; fileRef = DF0AA6DE2C8F292F00E82F3A /* CameraManager.swift */; };
		DF0AA6E22C8F292F00E82F3A /* CameraViewModel.swift in Sources */ = {isa = PBXBuildFile; fileRef = DF0AA6DF2C8F292F00E82F3A /* CameraViewModel.swift */; };
		DF0AA6E62C8F29BC00E82F3A /* CameraScreenView.swift in Sources */ = {isa = PBXBuildFile; fileRef = DF0AA6E52C8F29BC00E82F3A /* CameraScreenView.swift */; };
		DF0AA6E92C8F313500E82F3A /* GradientBackgroundWithCurve.swift in Sources */ = {isa = PBXBuildFile; fileRef = DF0AA6E82C8F313500E82F3A /* GradientBackgroundWithCurve.swift */; };
		DF0AA6EB2C8F314B00E82F3A /* CaptureButton.swift in Sources */ = {isa = PBXBuildFile; fileRef = DF0AA6EA2C8F314B00E82F3A /* CaptureButton.swift */; };
		DF0AA6ED2C8F336000E82F3A /* CropScreenView.swift in Sources */ = {isa = PBXBuildFile; fileRef = DF0AA6EC2C8F336000E82F3A /* CropScreenView.swift */; };
		DF0AA6EF2C8F343D00E82F3A /* HeaderView.swift in Sources */ = {isa = PBXBuildFile; fileRef = DF0AA6EE2C8F343D00E82F3A /* HeaderView.swift */; };
		DF0AA6F12C8F353B00E82F3A /* Modifiers.swift in Sources */ = {isa = PBXBuildFile; fileRef = DF0AA6F02C8F353B00E82F3A /* Modifiers.swift */; };
		DF0AA6F32C8F357000E82F3A /* View.swift in Sources */ = {isa = PBXBuildFile; fileRef = DF0AA6F22C8F357000E82F3A /* View.swift */; };
		DF0AA6F72C903EE200E82F3A /* Image.swift in Sources */ = {isa = PBXBuildFile; fileRef = DF0AA6F62C903EE200E82F3A /* Image.swift */; };
		DF0AA7072C904A7D00E82F3A /* CropViewController in Frameworks */ = {isa = PBXBuildFile; productRef = DF0AA7062C904A7D00E82F3A /* CropViewController */; };
		DF0AA7092C904A7D00E82F3A /* TOCropViewController in Frameworks */ = {isa = PBXBuildFile; productRef = DF0AA7082C904A7D00E82F3A /* TOCropViewController */; };
		DF0AA7352C90569100E82F3A /* LyEditImageView.swift in Sources */ = {isa = PBXBuildFile; fileRef = DF0AA7342C90569100E82F3A /* LyEditImageView.swift */; };
		DF8E94792C908130000C6A4E /* CropScreenVCRepresentable.swift in Sources */ = {isa = PBXBuildFile; fileRef = DF8E94782C908130000C6A4E /* CropScreenVCRepresentable.swift */; };
		DF8E947B2C909226000C6A4E /* GradientView.swift in Sources */ = {isa = PBXBuildFile; fileRef = DF8E947A2C909226000C6A4E /* GradientView.swift */; };
		DF8E947D2C90927F000C6A4E /* CarouselSwiftUI.swift in Sources */ = {isa = PBXBuildFile; fileRef = DF8E947C2C90927F000C6A4E /* CarouselSwiftUI.swift */; };
		DF8E94812C9093CB000C6A4E /* UIStackView.swift in Sources */ = {isa = PBXBuildFile; fileRef = DF8E94802C9093CB000C6A4E /* UIStackView.swift */; };
		DF8E94832C90959F000C6A4E /* UIEdgeInsets.swift in Sources */ = {isa = PBXBuildFile; fileRef = DF8E94822C90959F000C6A4E /* UIEdgeInsets.swift */; };
		DF8E94852C9097E4000C6A4E /* ScrollView.swift in Sources */ = {isa = PBXBuildFile; fileRef = DF8E94842C9097E4000C6A4E /* ScrollView.swift */; };
		DF8E94942C91FA11000C6A4E /* NSLayoutConstraint+.swift in Sources */ = {isa = PBXBuildFile; fileRef = DF8E94892C91FA10000C6A4E /* NSLayoutConstraint+.swift */; };
		DF8E94952C91FA11000C6A4E /* UIImage+.swift in Sources */ = {isa = PBXBuildFile; fileRef = DF8E948A2C91FA10000C6A4E /* UIImage+.swift */; };
		DF8E94962C91FA11000C6A4E /* CropView.swift in Sources */ = {isa = PBXBuildFile; fileRef = DF8E948B2C91FA10000C6A4E /* CropView.swift */; };
		DF8E94972C91FA11000C6A4E /* UIImageView+.swift in Sources */ = {isa = PBXBuildFile; fileRef = DF8E948C2C91FA11000C6A4E /* UIImageView+.swift */; };
		DF8E94982C91FA11000C6A4E /* BezierPath+.swift in Sources */ = {isa = PBXBuildFile; fileRef = DF8E948D2C91FA11000C6A4E /* BezierPath+.swift */; };
		DF8E94992C91FA11000C6A4E /* TransparentView.swift in Sources */ = {isa = PBXBuildFile; fileRef = DF8E948E2C91FA11000C6A4E /* TransparentView.swift */; };
		DF8E949A2C91FA11000C6A4E /* UIView+.swift in Sources */ = {isa = PBXBuildFile; fileRef = DF8E948F2C91FA11000C6A4E /* UIView+.swift */; };
		DF8E949B2C91FA11000C6A4E /* CropDimView.swift in Sources */ = {isa = PBXBuildFile; fileRef = DF8E94902C91FA11000C6A4E /* CropDimView.swift */; };
		DF8E949C2C91FA11000C6A4E /* CropPickerView.swift in Sources */ = {isa = PBXBuildFile; fileRef = DF8E94912C91FA11000C6A4E /* CropPickerView.swift */; };
		DF8E949D2C91FA11000C6A4E /* LineButton.swift in Sources */ = {isa = PBXBuildFile; fileRef = DF8E94922C91FA11000C6A4E /* LineButton.swift */; };
		DF8E949E2C91FA11000C6A4E /* CropResult.swift in Sources */ = {isa = PBXBuildFile; fileRef = DF8E94932C91FA11000C6A4E /* CropResult.swift */; };
		DF8E94A02C920E00000C6A4E /* GradientButtonStyle.swift in Sources */ = {isa = PBXBuildFile; fileRef = DF8E949F2C920E00000C6A4E /* GradientButtonStyle.swift */; };
		DF8E94A22C921635000C6A4E /* CropScreenViewModel.swift in Sources */ = {isa = PBXBuildFile; fileRef = DF8E94A12C921635000C6A4E /* CropScreenViewModel.swift */; };
		DF8E94A52C921CCB000C6A4E /* FilterScreenView.swift in Sources */ = {isa = PBXBuildFile; fileRef = DF8E94A42C921CCB000C6A4E /* FilterScreenView.swift */; };
		DFA138A42C7FA7F700BB5EEB /* ScannerApp.swift in Sources */ = {isa = PBXBuildFile; fileRef = DFA138A32C7FA7F700BB5EEB /* ScannerApp.swift */; };
		DFA138A62C7FA7F700BB5EEB /* StartScreenView.swift in Sources */ = {isa = PBXBuildFile; fileRef = DFA138A52C7FA7F700BB5EEB /* StartScreenView.swift */; };
		DFA138A82C7FA7F900BB5EEB /* Assets.xcassets in Resources */ = {isa = PBXBuildFile; fileRef = DFA138A72C7FA7F900BB5EEB /* Assets.xcassets */; };
		DFA138AB2C7FA7F900BB5EEB /* Preview Assets.xcassets in Resources */ = {isa = PBXBuildFile; fileRef = DFA138AA2C7FA7F900BB5EEB /* Preview Assets.xcassets */; };
		DFA4BA022C7FAE0900FEC350 /* Launch Screen.storyboard in Resources */ = {isa = PBXBuildFile; fileRef = DFA4BA012C7FAE0900FEC350 /* Launch Screen.storyboard */; };
		DFA4BA052C7FBA8B00FEC350 /* Color.swift in Sources */ = {isa = PBXBuildFile; fileRef = DFA4BA042C7FBA8B00FEC350 /* Color.swift */; };
/* End PBXBuildFile section */

/* Begin PBXFileReference section */
		3991497E6BA797BF776A490D /* Pods_ScannerApp.framework */ = {isa = PBXFileReference; explicitFileType = wrapper.framework; includeInIndex = 0; path = Pods_ScannerApp.framework; sourceTree = BUILT_PRODUCTS_DIR; };
		5C7EA8BE167AE04119CB6227 /* Pods-ScannerApp.debug.xcconfig */ = {isa = PBXFileReference; includeInIndex = 1; lastKnownFileType = text.xcconfig; name = "Pods-ScannerApp.debug.xcconfig"; path = "Target Support Files/Pods-ScannerApp/Pods-ScannerApp.debug.xcconfig"; sourceTree = "<group>"; };
		DF0AA6DA2C8F286C00E82F3A /* Coordinator.swift */ = {isa = PBXFileReference; lastKnownFileType = sourcecode.swift; path = Coordinator.swift; sourceTree = "<group>"; };
		DF0AA6DD2C8F292F00E82F3A /* CameraPreview.swift */ = {isa = PBXFileReference; fileEncoding = 4; lastKnownFileType = sourcecode.swift; path = CameraPreview.swift; sourceTree = "<group>"; };
		DF0AA6DE2C8F292F00E82F3A /* CameraManager.swift */ = {isa = PBXFileReference; fileEncoding = 4; lastKnownFileType = sourcecode.swift; path = CameraManager.swift; sourceTree = "<group>"; };
		DF0AA6DF2C8F292F00E82F3A /* CameraViewModel.swift */ = {isa = PBXFileReference; fileEncoding = 4; lastKnownFileType = sourcecode.swift; path = CameraViewModel.swift; sourceTree = "<group>"; };
		DF0AA6E52C8F29BC00E82F3A /* CameraScreenView.swift */ = {isa = PBXFileReference; lastKnownFileType = sourcecode.swift; path = CameraScreenView.swift; sourceTree = "<group>"; };
		DF0AA6E82C8F313500E82F3A /* GradientBackgroundWithCurve.swift */ = {isa = PBXFileReference; lastKnownFileType = sourcecode.swift; path = GradientBackgroundWithCurve.swift; sourceTree = "<group>"; };
		DF0AA6EA2C8F314B00E82F3A /* CaptureButton.swift */ = {isa = PBXFileReference; lastKnownFileType = sourcecode.swift; path = CaptureButton.swift; sourceTree = "<group>"; };
		DF0AA6EC2C8F336000E82F3A /* CropScreenView.swift */ = {isa = PBXFileReference; lastKnownFileType = sourcecode.swift; path = CropScreenView.swift; sourceTree = "<group>"; };
		DF0AA6EE2C8F343D00E82F3A /* HeaderView.swift */ = {isa = PBXFileReference; lastKnownFileType = sourcecode.swift; path = HeaderView.swift; sourceTree = "<group>"; };
		DF0AA6F02C8F353B00E82F3A /* Modifiers.swift */ = {isa = PBXFileReference; lastKnownFileType = sourcecode.swift; path = Modifiers.swift; sourceTree = "<group>"; };
		DF0AA6F22C8F357000E82F3A /* View.swift */ = {isa = PBXFileReference; lastKnownFileType = sourcecode.swift; path = View.swift; sourceTree = "<group>"; };
		DF0AA6F62C903EE200E82F3A /* Image.swift */ = {isa = PBXFileReference; lastKnownFileType = sourcecode.swift; path = Image.swift; sourceTree = "<group>"; };
		DF0AA7342C90569100E82F3A /* LyEditImageView.swift */ = {isa = PBXFileReference; fileEncoding = 4; lastKnownFileType = sourcecode.swift; path = LyEditImageView.swift; sourceTree = "<group>"; };
		DF8E94782C908130000C6A4E /* CropScreenVCRepresentable.swift */ = {isa = PBXFileReference; lastKnownFileType = sourcecode.swift; path = CropScreenVCRepresentable.swift; sourceTree = "<group>"; };
		DF8E947A2C909226000C6A4E /* GradientView.swift */ = {isa = PBXFileReference; lastKnownFileType = sourcecode.swift; path = GradientView.swift; sourceTree = "<group>"; };
		DF8E947C2C90927F000C6A4E /* CarouselSwiftUI.swift */ = {isa = PBXFileReference; lastKnownFileType = sourcecode.swift; path = CarouselSwiftUI.swift; sourceTree = "<group>"; };
		DF8E94802C9093CB000C6A4E /* UIStackView.swift */ = {isa = PBXFileReference; fileEncoding = 4; lastKnownFileType = sourcecode.swift; path = UIStackView.swift; sourceTree = "<group>"; };
		DF8E94822C90959F000C6A4E /* UIEdgeInsets.swift */ = {isa = PBXFileReference; fileEncoding = 4; lastKnownFileType = sourcecode.swift; path = UIEdgeInsets.swift; sourceTree = "<group>"; };
		DF8E94842C9097E4000C6A4E /* ScrollView.swift */ = {isa = PBXFileReference; fileEncoding = 4; lastKnownFileType = sourcecode.swift; path = ScrollView.swift; sourceTree = "<group>"; };
		DF8E94892C91FA10000C6A4E /* NSLayoutConstraint+.swift */ = {isa = PBXFileReference; fileEncoding = 4; lastKnownFileType = sourcecode.swift; path = "NSLayoutConstraint+.swift"; sourceTree = "<group>"; };
		DF8E948A2C91FA10000C6A4E /* UIImage+.swift */ = {isa = PBXFileReference; fileEncoding = 4; lastKnownFileType = sourcecode.swift; path = "UIImage+.swift"; sourceTree = "<group>"; };
		DF8E948B2C91FA10000C6A4E /* CropView.swift */ = {isa = PBXFileReference; fileEncoding = 4; lastKnownFileType = sourcecode.swift; path = CropView.swift; sourceTree = "<group>"; };
		DF8E948C2C91FA11000C6A4E /* UIImageView+.swift */ = {isa = PBXFileReference; fileEncoding = 4; lastKnownFileType = sourcecode.swift; path = "UIImageView+.swift"; sourceTree = "<group>"; };
		DF8E948D2C91FA11000C6A4E /* BezierPath+.swift */ = {isa = PBXFileReference; fileEncoding = 4; lastKnownFileType = sourcecode.swift; path = "BezierPath+.swift"; sourceTree = "<group>"; };
		DF8E948E2C91FA11000C6A4E /* TransparentView.swift */ = {isa = PBXFileReference; fileEncoding = 4; lastKnownFileType = sourcecode.swift; path = TransparentView.swift; sourceTree = "<group>"; };
		DF8E948F2C91FA11000C6A4E /* UIView+.swift */ = {isa = PBXFileReference; fileEncoding = 4; lastKnownFileType = sourcecode.swift; path = "UIView+.swift"; sourceTree = "<group>"; };
		DF8E94902C91FA11000C6A4E /* CropDimView.swift */ = {isa = PBXFileReference; fileEncoding = 4; lastKnownFileType = sourcecode.swift; path = CropDimView.swift; sourceTree = "<group>"; };
		DF8E94912C91FA11000C6A4E /* CropPickerView.swift */ = {isa = PBXFileReference; fileEncoding = 4; lastKnownFileType = sourcecode.swift; path = CropPickerView.swift; sourceTree = "<group>"; };
		DF8E94922C91FA11000C6A4E /* LineButton.swift */ = {isa = PBXFileReference; fileEncoding = 4; lastKnownFileType = sourcecode.swift; path = LineButton.swift; sourceTree = "<group>"; };
		DF8E94932C91FA11000C6A4E /* CropResult.swift */ = {isa = PBXFileReference; fileEncoding = 4; lastKnownFileType = sourcecode.swift; path = CropResult.swift; sourceTree = "<group>"; };
		DF8E949F2C920E00000C6A4E /* GradientButtonStyle.swift */ = {isa = PBXFileReference; lastKnownFileType = sourcecode.swift; path = GradientButtonStyle.swift; sourceTree = "<group>"; };
		DF8E94A12C921635000C6A4E /* CropScreenViewModel.swift */ = {isa = PBXFileReference; lastKnownFileType = sourcecode.swift; path = CropScreenViewModel.swift; sourceTree = "<group>"; };
		DF8E94A42C921CCB000C6A4E /* FilterScreenView.swift */ = {isa = PBXFileReference; lastKnownFileType = sourcecode.swift; path = FilterScreenView.swift; sourceTree = "<group>"; };
		DFA138A02C7FA7F700BB5EEB /* ScannerApp.app */ = {isa = PBXFileReference; explicitFileType = wrapper.application; includeInIndex = 0; path = ScannerApp.app; sourceTree = BUILT_PRODUCTS_DIR; };
		DFA138A32C7FA7F700BB5EEB /* ScannerApp.swift */ = {isa = PBXFileReference; lastKnownFileType = sourcecode.swift; path = ScannerApp.swift; sourceTree = "<group>"; };
		DFA138A52C7FA7F700BB5EEB /* StartScreenView.swift */ = {isa = PBXFileReference; lastKnownFileType = sourcecode.swift; path = StartScreenView.swift; sourceTree = "<group>"; };
		DFA138A72C7FA7F900BB5EEB /* Assets.xcassets */ = {isa = PBXFileReference; lastKnownFileType = folder.assetcatalog; path = Assets.xcassets; sourceTree = "<group>"; };
		DFA138AA2C7FA7F900BB5EEB /* Preview Assets.xcassets */ = {isa = PBXFileReference; lastKnownFileType = folder.assetcatalog; path = "Preview Assets.xcassets"; sourceTree = "<group>"; };
		DFA4BA012C7FAE0900FEC350 /* Launch Screen.storyboard */ = {isa = PBXFileReference; lastKnownFileType = file.storyboard; path = "Launch Screen.storyboard"; sourceTree = "<group>"; };
		DFA4BA042C7FBA8B00FEC350 /* Color.swift */ = {isa = PBXFileReference; lastKnownFileType = sourcecode.swift; path = Color.swift; sourceTree = "<group>"; };
		FBB9FF32E6BC5F7D38BEFF8B /* Pods-ScannerApp.release.xcconfig */ = {isa = PBXFileReference; includeInIndex = 1; lastKnownFileType = text.xcconfig; name = "Pods-ScannerApp.release.xcconfig"; path = "Target Support Files/Pods-ScannerApp/Pods-ScannerApp.release.xcconfig"; sourceTree = "<group>"; };
/* End PBXFileReference section */

/* Begin PBXFrameworksBuildPhase section */
		DFA1389D2C7FA7F700BB5EEB /* Frameworks */ = {
			isa = PBXFrameworksBuildPhase;
			buildActionMask = 2147483647;
			files = (
				DF0AA7092C904A7D00E82F3A /* TOCropViewController in Frameworks */,
				DF0AA7072C904A7D00E82F3A /* CropViewController in Frameworks */,
				7CE8BB2B6E6FD1489B56B31C /* Pods_ScannerApp.framework in Frameworks */,
			);
			runOnlyForDeploymentPostprocessing = 0;
		};
/* End PBXFrameworksBuildPhase section */

/* Begin PBXGroup section */
		482F80B0F134DDFFF5647FC8 /* Pods */ = {
			isa = PBXGroup;
			children = (
				5C7EA8BE167AE04119CB6227 /* Pods-ScannerApp.debug.xcconfig */,
				FBB9FF32E6BC5F7D38BEFF8B /* Pods-ScannerApp.release.xcconfig */,
			);
			path = Pods;
			sourceTree = "<group>";
		};
		9667BCBA82B29AE4E1569670 /* Frameworks */ = {
			isa = PBXGroup;
			children = (
				3991497E6BA797BF776A490D /* Pods_ScannerApp.framework */,
			);
			name = Frameworks;
			sourceTree = "<group>";
		};
		DF0AA6D92C8F286400E82F3A /* Utils */ = {
			isa = PBXGroup;
			children = (
				DF8E94882C91FA05000C6A4E /* Cropper */,
				DF0AA6DC2C8F291100E82F3A /* Camera */,
				DF0AA6DA2C8F286C00E82F3A /* Coordinator.swift */,
			);
			path = Utils;
			sourceTree = "<group>";
		};
		DF0AA6DC2C8F291100E82F3A /* Camera */ = {
			isa = PBXGroup;
			children = (
				DF0AA6DE2C8F292F00E82F3A /* CameraManager.swift */,
				DF0AA6DD2C8F292F00E82F3A /* CameraPreview.swift */,
				DF0AA6DF2C8F292F00E82F3A /* CameraViewModel.swift */,
			);
			path = Camera;
			sourceTree = "<group>";
		};
		DF0AA6E32C8F294500E82F3A /* Screens */ = {
			isa = PBXGroup;
			children = (
				DF0AA6E72C8F312C00E82F3A /* Components */,
				DFA138A52C7FA7F700BB5EEB /* StartScreenView.swift */,
				DF0AA6E52C8F29BC00E82F3A /* CameraScreenView.swift */,
				DF8E94A42C921CCB000C6A4E /* FilterScreenView.swift */,
				DF8E94A32C92183B000C6A4E /* CropScreen */,
			);
			path = Screens;
			sourceTree = "<group>";
		};
		DF0AA6E42C8F299300E82F3A /* Core */ = {
			isa = PBXGroup;
			children = (
				DFA138A32C7FA7F700BB5EEB /* ScannerApp.swift */,
				DFA4BA012C7FAE0900FEC350 /* Launch Screen.storyboard */,
				DFA138A72C7FA7F900BB5EEB /* Assets.xcassets */,
			);
			path = Core;
			sourceTree = "<group>";
		};
		DF0AA6E72C8F312C00E82F3A /* Components */ = {
			isa = PBXGroup;
			children = (
				DF8E94732C907CED000C6A4E /* SwiftUI */,
				DF8E94722C907CE6000C6A4E /* UIKit */,
			);
			path = Components;
			sourceTree = "<group>";
		};
		DF8E94722C907CE6000C6A4E /* UIKit */ = {
			isa = PBXGroup;
			children = (
				DF8E94842C9097E4000C6A4E /* ScrollView.swift */,
				DF0AA7342C90569100E82F3A /* LyEditImageView.swift */,
				DF8E947A2C909226000C6A4E /* GradientView.swift */,
			);
			path = UIKit;
			sourceTree = "<group>";
		};
		DF8E94732C907CED000C6A4E /* SwiftUI */ = {
			isa = PBXGroup;
			children = (
				DF0AA6E82C8F313500E82F3A /* GradientBackgroundWithCurve.swift */,
				DF0AA6EA2C8F314B00E82F3A /* CaptureButton.swift */,
				DF0AA6EE2C8F343D00E82F3A /* HeaderView.swift */,
				DF8E94782C908130000C6A4E /* CropScreenVCRepresentable.swift */,
				DF8E947C2C90927F000C6A4E /* CarouselSwiftUI.swift */,
				DF8E949F2C920E00000C6A4E /* GradientButtonStyle.swift */,
			);
			path = SwiftUI;
			sourceTree = "<group>";
		};
		DF8E947E2C9093BA000C6A4E /* UIKit */ = {
			isa = PBXGroup;
			children = (
				DF8E94822C90959F000C6A4E /* UIEdgeInsets.swift */,
				DF8E94802C9093CB000C6A4E /* UIStackView.swift */,
			);
			path = UIKit;
			sourceTree = "<group>";
		};
		DF8E947F2C9093BF000C6A4E /* SwiftUI */ = {
			isa = PBXGroup;
			children = (
				DFA4BA042C7FBA8B00FEC350 /* Color.swift */,
				DF0AA6F62C903EE200E82F3A /* Image.swift */,
				DF0AA6F02C8F353B00E82F3A /* Modifiers.swift */,
				DF0AA6F22C8F357000E82F3A /* View.swift */,
			);
			path = SwiftUI;
			sourceTree = "<group>";
		};
		DF8E94882C91FA05000C6A4E /* Cropper */ = {
			isa = PBXGroup;
			children = (
				DF8E948D2C91FA11000C6A4E /* BezierPath+.swift */,
				DF8E94902C91FA11000C6A4E /* CropDimView.swift */,
				DF8E94912C91FA11000C6A4E /* CropPickerView.swift */,
				DF8E94932C91FA11000C6A4E /* CropResult.swift */,
				DF8E948B2C91FA10000C6A4E /* CropView.swift */,
				DF8E94922C91FA11000C6A4E /* LineButton.swift */,
				DF8E94892C91FA10000C6A4E /* NSLayoutConstraint+.swift */,
				DF8E948E2C91FA11000C6A4E /* TransparentView.swift */,
				DF8E948A2C91FA10000C6A4E /* UIImage+.swift */,
				DF8E948C2C91FA11000C6A4E /* UIImageView+.swift */,
				DF8E948F2C91FA11000C6A4E /* UIView+.swift */,
			);
			path = Cropper;
			sourceTree = "<group>";
		};
		DF8E94A32C92183B000C6A4E /* CropScreen */ = {
			isa = PBXGroup;
			children = (
				DF0AA6EC2C8F336000E82F3A /* CropScreenView.swift */,
				DF8E94A12C921635000C6A4E /* CropScreenViewModel.swift */,
			);
			path = CropScreen;
			sourceTree = "<group>";
		};
		DFA138972C7FA7F700BB5EEB = {
			isa = PBXGroup;
			children = (
				DFA138A22C7FA7F700BB5EEB /* ScannerApp */,
				DFA138A12C7FA7F700BB5EEB /* Products */,
				482F80B0F134DDFFF5647FC8 /* Pods */,
				9667BCBA82B29AE4E1569670 /* Frameworks */,
			);
			sourceTree = "<group>";
		};
		DFA138A12C7FA7F700BB5EEB /* Products */ = {
			isa = PBXGroup;
			children = (
				DFA138A02C7FA7F700BB5EEB /* ScannerApp.app */,
			);
			name = Products;
			sourceTree = "<group>";
		};
		DFA138A22C7FA7F700BB5EEB /* ScannerApp */ = {
			isa = PBXGroup;
			children = (
				DF0AA6D92C8F286400E82F3A /* Utils */,
				DFA4BA032C7FBA7F00FEC350 /* Extensions */,
				DF0AA6E32C8F294500E82F3A /* Screens */,
				DF0AA6E42C8F299300E82F3A /* Core */,
				DFA138A92C7FA7F900BB5EEB /* Preview Content */,
			);
			path = ScannerApp;
			sourceTree = "<group>";
		};
		DFA138A92C7FA7F900BB5EEB /* Preview Content */ = {
			isa = PBXGroup;
			children = (
				DFA138AA2C7FA7F900BB5EEB /* Preview Assets.xcassets */,
			);
			path = "Preview Content";
			sourceTree = "<group>";
		};
		DFA4BA032C7FBA7F00FEC350 /* Extensions */ = {
			isa = PBXGroup;
			children = (
				DF8E947F2C9093BF000C6A4E /* SwiftUI */,
				DF8E947E2C9093BA000C6A4E /* UIKit */,
			);
			path = Extensions;
			sourceTree = "<group>";
		};
/* End PBXGroup section */

/* Begin PBXNativeTarget section */
		DFA1389F2C7FA7F700BB5EEB /* ScannerApp */ = {
			isa = PBXNativeTarget;
			buildConfigurationList = DFA138AE2C7FA7F900BB5EEB /* Build configuration list for PBXNativeTarget "ScannerApp" */;
			buildPhases = (
				BDF3F89BBC8C3C2EA163E06F /* [CP] Check Pods Manifest.lock */,
				DFA1389C2C7FA7F700BB5EEB /* Sources */,
				DFA1389D2C7FA7F700BB5EEB /* Frameworks */,
				DFA1389E2C7FA7F700BB5EEB /* Resources */,
				EDB9D2CCFAA84218410A8D46 /* [CP] Embed Pods Frameworks */,
			);
			buildRules = (
			);
			dependencies = (
			);
			name = ScannerApp;
			packageProductDependencies = (
				DF0AA7062C904A7D00E82F3A /* CropViewController */,
				DF0AA7082C904A7D00E82F3A /* TOCropViewController */,
			);
			productName = ScannerApp;
			productReference = DFA138A02C7FA7F700BB5EEB /* ScannerApp.app */;
			productType = "com.apple.product-type.application";
		};
/* End PBXNativeTarget section */

/* Begin PBXProject section */
		DFA138982C7FA7F700BB5EEB /* Project object */ = {
			isa = PBXProject;
			attributes = {
				BuildIndependentTargetsInParallel = 1;
				LastSwiftUpdateCheck = 1510;
				LastUpgradeCheck = 1510;
				TargetAttributes = {
					DFA1389F2C7FA7F700BB5EEB = {
						CreatedOnToolsVersion = 15.1;
					};
				};
			};
			buildConfigurationList = DFA1389B2C7FA7F700BB5EEB /* Build configuration list for PBXProject "ScannerApp" */;
			compatibilityVersion = "Xcode 14.0";
			developmentRegion = en;
			hasScannedForEncodings = 0;
			knownRegions = (
				en,
				Base,
			);
			mainGroup = DFA138972C7FA7F700BB5EEB;
			packageReferences = (
				DF0AA7052C904A7D00E82F3A /* XCRemoteSwiftPackageReference "TOCropViewController" */,
			);
			productRefGroup = DFA138A12C7FA7F700BB5EEB /* Products */;
			projectDirPath = "";
			projectRoot = "";
			targets = (
				DFA1389F2C7FA7F700BB5EEB /* ScannerApp */,
			);
		};
/* End PBXProject section */

/* Begin PBXResourcesBuildPhase section */
		DFA1389E2C7FA7F700BB5EEB /* Resources */ = {
			isa = PBXResourcesBuildPhase;
			buildActionMask = 2147483647;
			files = (
				DFA4BA022C7FAE0900FEC350 /* Launch Screen.storyboard in Resources */,
				DFA138AB2C7FA7F900BB5EEB /* Preview Assets.xcassets in Resources */,
				DFA138A82C7FA7F900BB5EEB /* Assets.xcassets in Resources */,
			);
			runOnlyForDeploymentPostprocessing = 0;
		};
/* End PBXResourcesBuildPhase section */

/* Begin PBXShellScriptBuildPhase section */
		BDF3F89BBC8C3C2EA163E06F /* [CP] Check Pods Manifest.lock */ = {
			isa = PBXShellScriptBuildPhase;
			buildActionMask = 2147483647;
			files = (
			);
			inputFileListPaths = (
			);
			inputPaths = (
				"${PODS_PODFILE_DIR_PATH}/Podfile.lock",
				"${PODS_ROOT}/Manifest.lock",
			);
			name = "[CP] Check Pods Manifest.lock";
			outputFileListPaths = (
			);
			outputPaths = (
				"$(DERIVED_FILE_DIR)/Pods-ScannerApp-checkManifestLockResult.txt",
			);
			runOnlyForDeploymentPostprocessing = 0;
			shellPath = /bin/sh;
			shellScript = "diff \"${PODS_PODFILE_DIR_PATH}/Podfile.lock\" \"${PODS_ROOT}/Manifest.lock\" > /dev/null\nif [ $? != 0 ] ; then\n    # print error to STDERR\n    echo \"error: The sandbox is not in sync with the Podfile.lock. Run 'pod install' or update your CocoaPods installation.\" >&2\n    exit 1\nfi\n# This output is used by Xcode 'outputs' to avoid re-running this script phase.\necho \"SUCCESS\" > \"${SCRIPT_OUTPUT_FILE_0}\"\n";
			showEnvVarsInLog = 0;
		};
		EDB9D2CCFAA84218410A8D46 /* [CP] Embed Pods Frameworks */ = {
			isa = PBXShellScriptBuildPhase;
			buildActionMask = 2147483647;
			files = (
			);
			inputFileListPaths = (
				"${PODS_ROOT}/Target Support Files/Pods-ScannerApp/Pods-ScannerApp-frameworks-${CONFIGURATION}-input-files.xcfilelist",
			);
			name = "[CP] Embed Pods Frameworks";
			outputFileListPaths = (
				"${PODS_ROOT}/Target Support Files/Pods-ScannerApp/Pods-ScannerApp-frameworks-${CONFIGURATION}-output-files.xcfilelist",
			);
			runOnlyForDeploymentPostprocessing = 0;
			shellPath = /bin/sh;
			shellScript = "\"${PODS_ROOT}/Target Support Files/Pods-ScannerApp/Pods-ScannerApp-frameworks.sh\"\n";
			showEnvVarsInLog = 0;
		};
/* End PBXShellScriptBuildPhase section */

/* Begin PBXSourcesBuildPhase section */
		DFA1389C2C7FA7F700BB5EEB /* Sources */ = {
			isa = PBXSourcesBuildPhase;
			buildActionMask = 2147483647;
			files = (
				DF0AA6E02C8F292F00E82F3A /* CameraPreview.swift in Sources */,
				DF0AA6DB2C8F286C00E82F3A /* Coordinator.swift in Sources */,
				DF8E947B2C909226000C6A4E /* GradientView.swift in Sources */,
				DFA138A62C7FA7F700BB5EEB /* StartScreenView.swift in Sources */,
				DFA138A42C7FA7F700BB5EEB /* ScannerApp.swift in Sources */,
				DF8E94982C91FA11000C6A4E /* BezierPath+.swift in Sources */,
				DF0AA6E22C8F292F00E82F3A /* CameraViewModel.swift in Sources */,
				DF0AA6E12C8F292F00E82F3A /* CameraManager.swift in Sources */,
				DF0AA6ED2C8F336000E82F3A /* CropScreenView.swift in Sources */,
				DF8E94972C91FA11000C6A4E /* UIImageView+.swift in Sources */,
				DF8E94A02C920E00000C6A4E /* GradientButtonStyle.swift in Sources */,
				DF8E947D2C90927F000C6A4E /* CarouselSwiftUI.swift in Sources */,
				DF0AA6EF2C8F343D00E82F3A /* HeaderView.swift in Sources */,
				DF8E94942C91FA11000C6A4E /* NSLayoutConstraint+.swift in Sources */,
				DF8E94852C9097E4000C6A4E /* ScrollView.swift in Sources */,
				DF0AA6F72C903EE200E82F3A /* Image.swift in Sources */,
				DF0AA7352C90569100E82F3A /* LyEditImageView.swift in Sources */,
				DF0AA6EB2C8F314B00E82F3A /* CaptureButton.swift in Sources */,
				DF8E949B2C91FA11000C6A4E /* CropDimView.swift in Sources */,
				DF0AA6E92C8F313500E82F3A /* GradientBackgroundWithCurve.swift in Sources */,
				DF8E94952C91FA11000C6A4E /* UIImage+.swift in Sources */,
				DF0AA6E62C8F29BC00E82F3A /* CameraScreenView.swift in Sources */,
				DF8E94812C9093CB000C6A4E /* UIStackView.swift in Sources */,
				DF8E94A22C921635000C6A4E /* CropScreenViewModel.swift in Sources */,
				DF8E949D2C91FA11000C6A4E /* LineButton.swift in Sources */,
				DF8E949E2C91FA11000C6A4E /* CropResult.swift in Sources */,
				DFA4BA052C7FBA8B00FEC350 /* Color.swift in Sources */,
				DF0AA6F32C8F357000E82F3A /* View.swift in Sources */,
				DF8E949A2C91FA11000C6A4E /* UIView+.swift in Sources */,
				DF0AA6F12C8F353B00E82F3A /* Modifiers.swift in Sources */,
				DF8E94992C91FA11000C6A4E /* TransparentView.swift in Sources */,
				DF8E949C2C91FA11000C6A4E /* CropPickerView.swift in Sources */,
				DF8E94832C90959F000C6A4E /* UIEdgeInsets.swift in Sources */,
				DF8E94962C91FA11000C6A4E /* CropView.swift in Sources */,
				DF8E94A52C921CCB000C6A4E /* FilterScreenView.swift in Sources */,
				DF8E94792C908130000C6A4E /* CropScreenVCRepresentable.swift in Sources */,
			);
			runOnlyForDeploymentPostprocessing = 0;
		};
/* End PBXSourcesBuildPhase section */

/* Begin XCBuildConfiguration section */
		DFA138AC2C7FA7F900BB5EEB /* Debug */ = {
			isa = XCBuildConfiguration;
			buildSettings = {
				ALWAYS_SEARCH_USER_PATHS = NO;
				ASSETCATALOG_COMPILER_GENERATE_SWIFT_ASSET_SYMBOL_EXTENSIONS = YES;
				CLANG_ANALYZER_NONNULL = YES;
				CLANG_ANALYZER_NUMBER_OBJECT_CONVERSION = YES_AGGRESSIVE;
				CLANG_CXX_LANGUAGE_STANDARD = "gnu++20";
				CLANG_ENABLE_MODULES = YES;
				CLANG_ENABLE_OBJC_ARC = YES;
				CLANG_ENABLE_OBJC_WEAK = YES;
				CLANG_WARN_BLOCK_CAPTURE_AUTORELEASING = YES;
				CLANG_WARN_BOOL_CONVERSION = YES;
				CLANG_WARN_COMMA = YES;
				CLANG_WARN_CONSTANT_CONVERSION = YES;
				CLANG_WARN_DEPRECATED_OBJC_IMPLEMENTATIONS = YES;
				CLANG_WARN_DIRECT_OBJC_ISA_USAGE = YES_ERROR;
				CLANG_WARN_DOCUMENTATION_COMMENTS = YES;
				CLANG_WARN_EMPTY_BODY = YES;
				CLANG_WARN_ENUM_CONVERSION = YES;
				CLANG_WARN_INFINITE_RECURSION = YES;
				CLANG_WARN_INT_CONVERSION = YES;
				CLANG_WARN_NON_LITERAL_NULL_CONVERSION = YES;
				CLANG_WARN_OBJC_IMPLICIT_RETAIN_SELF = YES;
				CLANG_WARN_OBJC_LITERAL_CONVERSION = YES;
				CLANG_WARN_OBJC_ROOT_CLASS = YES_ERROR;
				CLANG_WARN_QUOTED_INCLUDE_IN_FRAMEWORK_HEADER = YES;
				CLANG_WARN_RANGE_LOOP_ANALYSIS = YES;
				CLANG_WARN_STRICT_PROTOTYPES = YES;
				CLANG_WARN_SUSPICIOUS_MOVE = YES;
				CLANG_WARN_UNGUARDED_AVAILABILITY = YES_AGGRESSIVE;
				CLANG_WARN_UNREACHABLE_CODE = YES;
				CLANG_WARN__DUPLICATE_METHOD_MATCH = YES;
				COPY_PHASE_STRIP = NO;
				DEBUG_INFORMATION_FORMAT = dwarf;
				ENABLE_STRICT_OBJC_MSGSEND = YES;
				ENABLE_TESTABILITY = YES;
				ENABLE_USER_SCRIPT_SANDBOXING = YES;
				GCC_C_LANGUAGE_STANDARD = gnu17;
				GCC_DYNAMIC_NO_PIC = NO;
				GCC_NO_COMMON_BLOCKS = YES;
				GCC_OPTIMIZATION_LEVEL = 0;
				GCC_PREPROCESSOR_DEFINITIONS = (
					"DEBUG=1",
					"$(inherited)",
				);
				GCC_WARN_64_TO_32_BIT_CONVERSION = YES;
				GCC_WARN_ABOUT_RETURN_TYPE = YES_ERROR;
				GCC_WARN_UNDECLARED_SELECTOR = YES;
				GCC_WARN_UNINITIALIZED_AUTOS = YES_AGGRESSIVE;
				GCC_WARN_UNUSED_FUNCTION = YES;
				GCC_WARN_UNUSED_VARIABLE = YES;
				IPHONEOS_DEPLOYMENT_TARGET = 17.0;
				LOCALIZATION_PREFERS_STRING_CATALOGS = YES;
				MTL_ENABLE_DEBUG_INFO = INCLUDE_SOURCE;
				MTL_FAST_MATH = YES;
				ONLY_ACTIVE_ARCH = YES;
				SDKROOT = iphoneos;
				SWIFT_ACTIVE_COMPILATION_CONDITIONS = "DEBUG $(inherited)";
				SWIFT_OPTIMIZATION_LEVEL = "-Onone";
			};
			name = Debug;
		};
		DFA138AD2C7FA7F900BB5EEB /* Release */ = {
			isa = XCBuildConfiguration;
			buildSettings = {
				ALWAYS_SEARCH_USER_PATHS = NO;
				ASSETCATALOG_COMPILER_GENERATE_SWIFT_ASSET_SYMBOL_EXTENSIONS = YES;
				CLANG_ANALYZER_NONNULL = YES;
				CLANG_ANALYZER_NUMBER_OBJECT_CONVERSION = YES_AGGRESSIVE;
				CLANG_CXX_LANGUAGE_STANDARD = "gnu++20";
				CLANG_ENABLE_MODULES = YES;
				CLANG_ENABLE_OBJC_ARC = YES;
				CLANG_ENABLE_OBJC_WEAK = YES;
				CLANG_WARN_BLOCK_CAPTURE_AUTORELEASING = YES;
				CLANG_WARN_BOOL_CONVERSION = YES;
				CLANG_WARN_COMMA = YES;
				CLANG_WARN_CONSTANT_CONVERSION = YES;
				CLANG_WARN_DEPRECATED_OBJC_IMPLEMENTATIONS = YES;
				CLANG_WARN_DIRECT_OBJC_ISA_USAGE = YES_ERROR;
				CLANG_WARN_DOCUMENTATION_COMMENTS = YES;
				CLANG_WARN_EMPTY_BODY = YES;
				CLANG_WARN_ENUM_CONVERSION = YES;
				CLANG_WARN_INFINITE_RECURSION = YES;
				CLANG_WARN_INT_CONVERSION = YES;
				CLANG_WARN_NON_LITERAL_NULL_CONVERSION = YES;
				CLANG_WARN_OBJC_IMPLICIT_RETAIN_SELF = YES;
				CLANG_WARN_OBJC_LITERAL_CONVERSION = YES;
				CLANG_WARN_OBJC_ROOT_CLASS = YES_ERROR;
				CLANG_WARN_QUOTED_INCLUDE_IN_FRAMEWORK_HEADER = YES;
				CLANG_WARN_RANGE_LOOP_ANALYSIS = YES;
				CLANG_WARN_STRICT_PROTOTYPES = YES;
				CLANG_WARN_SUSPICIOUS_MOVE = YES;
				CLANG_WARN_UNGUARDED_AVAILABILITY = YES_AGGRESSIVE;
				CLANG_WARN_UNREACHABLE_CODE = YES;
				CLANG_WARN__DUPLICATE_METHOD_MATCH = YES;
				COPY_PHASE_STRIP = NO;
				DEBUG_INFORMATION_FORMAT = "dwarf-with-dsym";
				ENABLE_NS_ASSERTIONS = NO;
				ENABLE_STRICT_OBJC_MSGSEND = YES;
				ENABLE_USER_SCRIPT_SANDBOXING = YES;
				GCC_C_LANGUAGE_STANDARD = gnu17;
				GCC_NO_COMMON_BLOCKS = YES;
				GCC_WARN_64_TO_32_BIT_CONVERSION = YES;
				GCC_WARN_ABOUT_RETURN_TYPE = YES_ERROR;
				GCC_WARN_UNDECLARED_SELECTOR = YES;
				GCC_WARN_UNINITIALIZED_AUTOS = YES_AGGRESSIVE;
				GCC_WARN_UNUSED_FUNCTION = YES;
				GCC_WARN_UNUSED_VARIABLE = YES;
				IPHONEOS_DEPLOYMENT_TARGET = 17.0;
				LOCALIZATION_PREFERS_STRING_CATALOGS = YES;
				MTL_ENABLE_DEBUG_INFO = NO;
				MTL_FAST_MATH = YES;
				SDKROOT = iphoneos;
				SWIFT_COMPILATION_MODE = wholemodule;
				VALIDATE_PRODUCT = YES;
			};
			name = Release;
		};
		DFA138AF2C7FA7F900BB5EEB /* Debug */ = {
			isa = XCBuildConfiguration;
			baseConfigurationReference = 5C7EA8BE167AE04119CB6227 /* Pods-ScannerApp.debug.xcconfig */;
			buildSettings = {
				ASSETCATALOG_COMPILER_APPICON_NAME = AppIcon;
				ASSETCATALOG_COMPILER_GLOBAL_ACCENT_COLOR_NAME = AccentColor;
				CODE_SIGN_STYLE = Automatic;
				CURRENT_PROJECT_VERSION = 1;
				DEVELOPMENT_ASSET_PATHS = "\"ScannerApp/Preview Content\"";
				DEVELOPMENT_TEAM = 6ZMD6YALF7;
				ENABLE_PREVIEWS = YES;
				ENABLE_USER_SCRIPT_SANDBOXING = NO;
				GENERATE_INFOPLIST_FILE = YES;
				INFOPLIST_KEY_CFBundleDisplayName = "Scanner App";
				INFOPLIST_KEY_NSCameraUsageDescription = "Camera is used for capturing photos";
				INFOPLIST_KEY_NSPhotoLibraryUsageDescription = "This app need this permission to save captured photos.";
				INFOPLIST_KEY_UIApplicationSceneManifest_Generation = YES;
				INFOPLIST_KEY_UIApplicationSupportsIndirectInputEvents = YES;
				INFOPLIST_KEY_UILaunchScreen_Generation = YES;
				INFOPLIST_KEY_UILaunchStoryboardName = "Launch Screen.storyboard";
				INFOPLIST_KEY_UISupportedInterfaceOrientations_iPad = "UIInterfaceOrientationPortrait UIInterfaceOrientationPortraitUpsideDown UIInterfaceOrientationLandscapeLeft UIInterfaceOrientationLandscapeRight";
				INFOPLIST_KEY_UISupportedInterfaceOrientations_iPhone = "UIInterfaceOrientationPortrait UIInterfaceOrientationLandscapeLeft UIInterfaceOrientationLandscapeRight";
				LD_RUNPATH_SEARCH_PATHS = (
					"$(inherited)",
					"@executable_path/Frameworks",
				);
				MARKETING_VERSION = 1.0;
				PRODUCT_BUNDLE_IDENTIFIER = tm.azico.ScannerApp;
				PRODUCT_NAME = "$(TARGET_NAME)";
				SWIFT_EMIT_LOC_STRINGS = YES;
				SWIFT_VERSION = 5.0;
				TARGETED_DEVICE_FAMILY = "1,2";
			};
			name = Debug;
		};
		DFA138B02C7FA7F900BB5EEB /* Release */ = {
			isa = XCBuildConfiguration;
			baseConfigurationReference = FBB9FF32E6BC5F7D38BEFF8B /* Pods-ScannerApp.release.xcconfig */;
			buildSettings = {
				ASSETCATALOG_COMPILER_APPICON_NAME = AppIcon;
				ASSETCATALOG_COMPILER_GLOBAL_ACCENT_COLOR_NAME = AccentColor;
				CODE_SIGN_STYLE = Automatic;
				CURRENT_PROJECT_VERSION = 1;
				DEVELOPMENT_ASSET_PATHS = "\"ScannerApp/Preview Content\"";
				DEVELOPMENT_TEAM = 6ZMD6YALF7;
				ENABLE_PREVIEWS = YES;
				ENABLE_USER_SCRIPT_SANDBOXING = NO;
				GENERATE_INFOPLIST_FILE = YES;
				INFOPLIST_KEY_CFBundleDisplayName = "Scanner App";
				INFOPLIST_KEY_NSCameraUsageDescription = "Camera is used for capturing photos";
				INFOPLIST_KEY_NSPhotoLibraryUsageDescription = "This app need this permission to save captured photos.";
				INFOPLIST_KEY_UIApplicationSceneManifest_Generation = YES;
				INFOPLIST_KEY_UIApplicationSupportsIndirectInputEvents = YES;
				INFOPLIST_KEY_UILaunchScreen_Generation = YES;
				INFOPLIST_KEY_UILaunchStoryboardName = "Launch Screen.storyboard";
				INFOPLIST_KEY_UISupportedInterfaceOrientations_iPad = "UIInterfaceOrientationPortrait UIInterfaceOrientationPortraitUpsideDown UIInterfaceOrientationLandscapeLeft UIInterfaceOrientationLandscapeRight";
				INFOPLIST_KEY_UISupportedInterfaceOrientations_iPhone = "UIInterfaceOrientationPortrait UIInterfaceOrientationLandscapeLeft UIInterfaceOrientationLandscapeRight";
				LD_RUNPATH_SEARCH_PATHS = (
					"$(inherited)",
					"@executable_path/Frameworks",
				);
				MARKETING_VERSION = 1.0;
				PRODUCT_BUNDLE_IDENTIFIER = tm.azico.ScannerApp;
				PRODUCT_NAME = "$(TARGET_NAME)";
				SWIFT_EMIT_LOC_STRINGS = YES;
				SWIFT_VERSION = 5.0;
				TARGETED_DEVICE_FAMILY = "1,2";
			};
			name = Release;
		};
/* End XCBuildConfiguration section */

/* Begin XCConfigurationList section */
		DFA1389B2C7FA7F700BB5EEB /* Build configuration list for PBXProject "ScannerApp" */ = {
			isa = XCConfigurationList;
			buildConfigurations = (
				DFA138AC2C7FA7F900BB5EEB /* Debug */,
				DFA138AD2C7FA7F900BB5EEB /* Release */,
			);
			defaultConfigurationIsVisible = 0;
			defaultConfigurationName = Release;
		};
		DFA138AE2C7FA7F900BB5EEB /* Build configuration list for PBXNativeTarget "ScannerApp" */ = {
			isa = XCConfigurationList;
			buildConfigurations = (
				DFA138AF2C7FA7F900BB5EEB /* Debug */,
				DFA138B02C7FA7F900BB5EEB /* Release */,
			);
			defaultConfigurationIsVisible = 0;
			defaultConfigurationName = Release;
		};
/* End XCConfigurationList section */

/* Begin XCRemoteSwiftPackageReference section */
		DF0AA7052C904A7D00E82F3A /* XCRemoteSwiftPackageReference "TOCropViewController" */ = {
			isa = XCRemoteSwiftPackageReference;
			repositoryURL = "https://github.com/TimOliver/TOCropViewController";
			requirement = {
				kind = upToNextMajorVersion;
				minimumVersion = 2.7.4;
			};
		};
/* End XCRemoteSwiftPackageReference section */

/* Begin XCSwiftPackageProductDependency section */
		DF0AA7062C904A7D00E82F3A /* CropViewController */ = {
			isa = XCSwiftPackageProductDependency;
			package = DF0AA7052C904A7D00E82F3A /* XCRemoteSwiftPackageReference "TOCropViewController" */;
			productName = CropViewController;
		};
		DF0AA7082C904A7D00E82F3A /* TOCropViewController */ = {
			isa = XCSwiftPackageProductDependency;
			package = DF0AA7052C904A7D00E82F3A /* XCRemoteSwiftPackageReference "TOCropViewController" */;
			productName = TOCropViewController;
		};
/* End XCSwiftPackageProductDependency section */
	};
	rootObject = DFA138982C7FA7F700BB5EEB /* Project object */;
}
